
Microsoft Visual Studio Solution File, Format Version 12.00
# Visual Studio Version 17
VisualStudioVersion = 17.5.33424.131
MinimumVisualStudioVersion = 10.0.40219.1
Project("{9A19103F-16F7-4668-BE54-9A1E7A4F7556}") = "Page", "Page.csproj", "{74C0990C-CFF1-4BDB-83C8-CD057108E1F0}"
EndProject
Global
	GlobalSection(SolutionConfigurationPlatforms) = preSolution
		Debug|Any CPU = Debug|Any CPU
		Release|Any CPU = Release|Any CPU
	EndGlobalSection
	GlobalSection(ProjectConfigurationPlatforms) = postSolution
		{74C0990C-CFF1-4BDB-83C8-CD057108E1F0}.Debug|Any CPU.ActiveCfg = Debug|Any CPU
		{74C0990C-CFF1-4BDB-83C8-CD057108E1F0}.Debug|Any CPU.Build.0 = Debug|Any CPU
		{74C0990C-CFF1-4BDB-83C8-CD057108E1F0}.Release|Any CPU.ActiveCfg = Release|Any CPU
		{74C0990C-CFF1-4BDB-83C8-CD057108E1F0}.Release|Any CPU.Build.0 = Release|Any CPU
	EndGlobalSection
	GlobalSection(SolutionProperties) = preSolution
		HideSolutionNode = FALSE
	EndGlobalSection
	GlobalSection(ExtensibilityGlobals) = postSolution
		SolutionGuid = {2DE218C7-2CE5-450E-BCDF-819BD8B76B11}
	EndGlobalSection
EndGlobal
